
Microsoft Visual Studio Solution File, Format Version 12.00
# Visual Studio Version 17
VisualStudioVersion = 17.1.32228.430
MinimumVisualStudioVersion = 10.0.40219.1
Project("{FAE04EC0-301F-11D3-BF4B-00C04F79EFBC}") = "Loan_Finance_Client_final", "Loan_Finance_Client_final\Loan_Finance_Client_final.csproj", "{299DA721-E232-4D8E-8AF5-4C7381AFFC99}"
EndProject
Global
	GlobalSection(SolutionConfigurationPlatforms) = preSolution
		Debug|Any CPU = Debug|Any CPU
		Release|Any CPU = Release|Any CPU
	EndGlobalSection
	GlobalSection(ProjectConfigurationPlatforms) = postSolution
		{299DA721-E232-4D8E-8AF5-4C7381AFFC99}.Debug|Any CPU.ActiveCfg = Debug|Any CPU
		{299DA721-E232-4D8E-8AF5-4C7381AFFC99}.Debug|Any CPU.Build.0 = Debug|Any CPU
		{299DA721-E232-4D8E-8AF5-4C7381AFFC99}.Release|Any CPU.ActiveCfg = Release|Any CPU
		{299DA721-E232-4D8E-8AF5-4C7381AFFC99}.Release|Any CPU.Build.0 = Release|Any CPU
	EndGlobalSection
	GlobalSection(SolutionProperties) = preSolution
		HideSolutionNode = FALSE
	EndGlobalSection
	GlobalSection(ExtensibilityGlobals) = postSolution
		SolutionGuid = {2D1A795A-F49E-4D5C-A72B-A059ABD05312}
	EndGlobalSection
EndGlobal
